
Microsoft Visual Studio Solution File, Format Version 12.00
# Visual Studio Version 16
VisualStudioVersion = 16.0.30611.23
MinimumVisualStudioVersion = 10.0.40219.1
Project("{9A19103F-16F7-4668-BE54-9A1E7A4F7556}") = "HandsOfWork", "HandsOfWork\HandsOfWork.csproj", "{CBC9BBA1-868E-4448-9599-5B77291A9A8F}"
EndProject
Project("{FAE04EC0-301F-11D3-BF4B-00C04F79EFBC}") = "HandsOfWork.Services", "HandsOfWork.Services\HandsOfWork.Services.csproj", "{B5A701DC-AB59-44E0-ACC8-9652B67EDD24}"
EndProject
Project("{FAE04EC0-301F-11D3-BF4B-00C04F79EFBC}") = "HandsOfWork.Repositories", "HandsOfWork.Repositories\HandsOfWork.Repositories.csproj", "{856082B4-F90B-45FF-8C5A-B7152EE5DF99}"
EndProject
Project("{FAE04EC0-301F-11D3-BF4B-00C04F79EFBC}") = "HandsOfWork.Entities", "HandsOfWork.Entities\HandsOfWork.Entities.csproj", "{2210CFB0-9F1E-4AFE-A15F-F30A72F59B50}"
EndProject
Global
	GlobalSection(SolutionConfigurationPlatforms) = preSolution
		Debug|Any CPU = Debug|Any CPU
		Release|Any CPU = Release|Any CPU
	EndGlobalSection
	GlobalSection(ProjectConfigurationPlatforms) = postSolution
		{CBC9BBA1-868E-4448-9599-5B77291A9A8F}.Debug|Any CPU.ActiveCfg = Debug|Any CPU
		{CBC9BBA1-868E-4448-9599-5B77291A9A8F}.Debug|Any CPU.Build.0 = Debug|Any CPU
		{CBC9BBA1-868E-4448-9599-5B77291A9A8F}.Release|Any CPU.ActiveCfg = Release|Any CPU
		{CBC9BBA1-868E-4448-9599-5B77291A9A8F}.Release|Any CPU.Build.0 = Release|Any CPU
		{B5A701DC-AB59-44E0-ACC8-9652B67EDD24}.Debug|Any CPU.ActiveCfg = Debug|Any CPU
		{B5A701DC-AB59-44E0-ACC8-9652B67EDD24}.Debug|Any CPU.Build.0 = Debug|Any CPU
		{B5A701DC-AB59-44E0-ACC8-9652B67EDD24}.Release|Any CPU.ActiveCfg = Release|Any CPU
		{B5A701DC-AB59-44E0-ACC8-9652B67EDD24}.Release|Any CPU.Build.0 = Release|Any CPU
		{856082B4-F90B-45FF-8C5A-B7152EE5DF99}.Debug|Any CPU.ActiveCfg = Debug|Any CPU
		{856082B4-F90B-45FF-8C5A-B7152EE5DF99}.Debug|Any CPU.Build.0 = Debug|Any CPU
		{856082B4-F90B-45FF-8C5A-B7152EE5DF99}.Release|Any CPU.ActiveCfg = Release|Any CPU
		{856082B4-F90B-45FF-8C5A-B7152EE5DF99}.Release|Any CPU.Build.0 = Release|Any CPU
		{2210CFB0-9F1E-4AFE-A15F-F30A72F59B50}.Debug|Any CPU.ActiveCfg = Debug|Any CPU
		{2210CFB0-9F1E-4AFE-A15F-F30A72F59B50}.Debug|Any CPU.Build.0 = Debug|Any CPU
		{2210CFB0-9F1E-4AFE-A15F-F30A72F59B50}.Release|Any CPU.ActiveCfg = Release|Any CPU
		{2210CFB0-9F1E-4AFE-A15F-F30A72F59B50}.Release|Any CPU.Build.0 = Release|Any CPU
	EndGlobalSection
	GlobalSection(SolutionProperties) = preSolution
		HideSolutionNode = FALSE
	EndGlobalSection
	GlobalSection(ExtensibilityGlobals) = postSolution
		SolutionGuid = {F9C027F5-E989-48B8-8423-E62B59A0A5B3}
	EndGlobalSection
EndGlobal
